
Microsoft Visual Studio Solution File, Format Version 11.00
# Visual Studio 2010
Project("{FAE04EC0-301F-11D3-BF4B-00C04F79EFBC}") = "NewVJ", "Assembly-CSharp.csproj", "{44DBC7C2-ADB2-BEA9-BC32-010C0372C30F}"
EndProject
Global
	GlobalSection(SolutionConfigurationPlatforms) = preSolution
		Debug|Any CPU = Debug|Any CPU
		Release|Any CPU = Release|Any CPU
	EndGlobalSection
	GlobalSection(ProjectConfigurationPlatforms) = postSolution
		{44DBC7C2-ADB2-BEA9-BC32-010C0372C30F}.Debug|Any CPU.ActiveCfg = Debug|Any CPU
		{44DBC7C2-ADB2-BEA9-BC32-010C0372C30F}.Debug|Any CPU.Build.0 = Debug|Any CPU
		{44DBC7C2-ADB2-BEA9-BC32-010C0372C30F}.Release|Any CPU.ActiveCfg = Release|Any CPU
		{44DBC7C2-ADB2-BEA9-BC32-010C0372C30F}.Release|Any CPU.Build.0 = Release|Any CPU
	EndGlobalSection
	GlobalSection(SolutionProperties) = preSolution
		HideSolutionNode = FALSE
	EndGlobalSection
	GlobalSection(MonoDevelopProperties) = preSolution
		StartupItem = Assembly-CSharp.csproj
	EndGlobalSection
EndGlobal
